{
  "version": 4,
  "terraform_version": "1.3.4",
  "serial": 8,
  "lineage": "f29056d0-105c-f6f7-6122-0496390dea6d",
  "outputs": {},
  "resources": [
    {
      "mode": "managed",
      "type": "local_file",
      "name": "bike",
      "provider": "provider[\"registry.terraform.io/hashicorp/local\"]",
      "instances": [
        {
          "schema_version": 0,
          "attributes": {
            "content": "I Loves to ride bikes!",
            "content_base64": null,
            "directory_permission": "0777",
            "file_permission": "0777",
            "filename": "bikes.txt",
            "id": "a33b98b6471867eb79ff0c0e29ac135dcc0fe640",
            "sensitive_content": null,
            "source": null
          },
          "sensitive_attributes": [],
          "private": "bnVsbA=="
        }
      ]
    },
    {
      "mode": "managed",
      "type": "random_pet",
      "name": "my-pet",
      "provider": "provider[\"registry.terraform.io/hashicorp/random\"]",
      "instances": [
        {
          "schema_version": 0,
          "attributes": {
            "id": "Mr.informed.jay",
            "keepers": null,
            "length": 2,
            "prefix": "Mr",
            "separator": "."
          },
          "sensitive_attributes": []
        }
      ]
    }
  ],
  "check_results": null
}
